
Microsoft Visual Studio Solution File, Format Version 12.00
# Visual Studio 15
VisualStudioVersion = 15.0.28010.2050
MinimumVisualStudioVersion = 10.0.40219.1
Project("{FAE04EC0-301F-11D3-BF4B-00C04F79EFBC}") = "TaskBarAnalogClock", "TaskBarAnalogClock\TaskBarAnalogClock.csproj", "{49D0D8C0-096C-4740-873D-6B6456A6C1C4}"
EndProject
Global
	GlobalSection(SolutionConfigurationPlatforms) = preSolution
		Debug|Any CPU = Debug|Any CPU
		Release|Any CPU = Release|Any CPU
	EndGlobalSection
	GlobalSection(ProjectConfigurationPlatforms) = postSolution
		{49D0D8C0-096C-4740-873D-6B6456A6C1C4}.Debug|Any CPU.ActiveCfg = Debug|Any CPU
		{49D0D8C0-096C-4740-873D-6B6456A6C1C4}.Debug|Any CPU.Build.0 = Debug|Any CPU
		{49D0D8C0-096C-4740-873D-6B6456A6C1C4}.Release|Any CPU.ActiveCfg = Release|Any CPU
		{49D0D8C0-096C-4740-873D-6B6456A6C1C4}.Release|Any CPU.Build.0 = Release|Any CPU
	EndGlobalSection
	GlobalSection(SolutionProperties) = preSolution
		HideSolutionNode = FALSE
	EndGlobalSection
	GlobalSection(ExtensibilityGlobals) = postSolution
		SolutionGuid = {2B8A0009-F502-4619-8330-CEFD00E8B4BD}
	EndGlobalSection
EndGlobal
